<?xml version="1.0" encoding="UTF-8"?>
<Scheme
   LastUpgradeVersion = "0500"
   version = "1.7">
   <BuildAction
      parallelizeBuildables = "YES"
      buildImplicitDependencies = "YES">
      <BuildActionEntries>
         <BuildActionEntry
            buildForTesting = "YES"
            buildForRunning = "YES"
            buildForProfiling = "YES"
            buildForArchiving = "YES"
            buildForAnalyzing = "YES">
            <BuildableReference
               BuildableIdentifier = "primary"
               BlueprintIdentifier = "38BBC915187C97FE00D8FE99"
               BuildableName = "XCTesting.app"
               BlueprintName = "XCTesting"
               ReferencedContainer = "container:XCTesting.xcodeproj">
            </BuildableReference>
         </BuildActionEntry>
      </BuildActionEntries>
   </BuildAction>
   <TestAction
      selectedDebuggerIdentifier = "Xcode.DebuggerFoundation.Debugger.LLDB"
      selectedLauncherIdentifier = "Xcode.DebuggerFoundation.Launcher.LLDB"
      shouldUseLaunchSchemeArgsEnv = "YES"
      buildConfiguration = "Debug">
      <Testables>
         <TestableReference
            skipped = "NO">
            <BuildableReference
               BuildableIdentifier = "primary"
               BlueprintIdentifier = "38BBC939187C97FE00D8FE99"
               BuildableName = "XCTestingTests.xctest"
               BlueprintName = "XCTestingTests"
               ReferencedContainer = "container:XCTesting.xcodeproj">
            </BuildableReference>
         </TestableReference>
      </Testables>
      <MacroExpansion>
         <BuildableReference
            BuildableIdentifier = "primary"
            BlueprintIdentifier = "38BBC915187C97FE00D8FE99"
            BuildableName = "XCTesting.app"
            BlueprintName = "XCTesting"
            ReferencedContainer = "container:XCTesting.xcodeproj">
         </BuildableReference>
      </MacroExpansion>
   </TestAction>
   <LaunchAction
      selectedDebuggerIdentifier = "Xcode.DebuggerFoundation.Debugger.LLDB"
      selectedLauncherIdentifier = "Xcode.DebuggerFoundation.Launcher.LLDB"
      launchStyle = "0"
      useCustomWorkingDirectory = "NO"
      buildConfiguration = "Debug"
      ignoresPersistentStateOnLaunch = "NO"
      debugDocumentVersioning = "YES"
      allowLocationSimulation = "YES">
      <BuildableProductRunnable>
         <BuildableReference
            BuildableIdentifier = "primary"
            BlueprintIdentifier = "38BBC915187C97FE00D8FE99"
            BuildableName = "XCTesting.app"
            BlueprintName = "XCTesting"
            ReferencedContainer = "container:XCTesting.xcodeproj">
         </BuildableReference>
      </BuildableProductRunnable>
      <AdditionalOptions>
      </AdditionalOptions>
   </LaunchAction>
   <ProfileAction
      shouldUseLaunchSchemeArgsEnv = "YES"
      savedToolIdentifier = ""
      useCustomWorkingDirectory = "NO"
      buildConfiguration = "Release"
      debugDocumentVersioning = "YES">
      <BuildableProductRunnable>
         <BuildableReference
            BuildableIdentifier = "primary"
            BlueprintIdentifier = "38BBC915187C97FE00D8FE99"
            BuildableName = "XCTesting.app"
            BlueprintName = "XCTesting"
            ReferencedContainer = "container:XCTesting.xcodeproj">
         </BuildableReference>
      </BuildableProductRunnable>
   </ProfileAction>
   <AnalyzeAction
      buildConfiguration = "Debug">
   </AnalyzeAction>
   <ArchiveAction
      buildConfiguration = "Release"
      revealArchiveInOrganizer = "YES">
      <PostActions>
         <ExecutionAction
            ActionType = "Xcode.IDEStandardExecutionActionsCore.ExecutionActionType.ShellScriptAction">
            <ActionContent
               title = "Run Script"
               scriptText = "BOT_OUTPUT=/Bots&#10;mkdir -p $BOT_OUTPUT&#10;pwd &gt; $BOT_OUTPUT/post_action_directory.txt&#10;echo ${PROJECT_DIR} &gt; $BOT_OUTPUT/project_dir_directory.txt&#10;# Causes log diarrhea: echo *** Running Appledoc ***&#10;${PROJECT_DIR}/Scripts/appledoc.sh &amp;&gt; $BOT_OUTPUT/appledoc_output.txt&#10;&#10;#echo Method for killing the parent process to fail a bot integration.&#10;#kill $PPID&#10;#exit 1&#10;">
               <EnvironmentBuildable>
                  <BuildableReference
                     BuildableIdentifier = "primary"
                     BlueprintIdentifier = "38BBC915187C97FE00D8FE99"
                     BuildableName = "XCTesting.app"
                     BlueprintName = "XCTesting"
                     ReferencedContainer = "container:XCTesting.xcodeproj">
                  </BuildableReference>
               </EnvironmentBuildable>
            </ActionContent>
         </ExecutionAction>
      </PostActions>
   </ArchiveAction>
</Scheme>
